[root]
name = "gerust-routing"
version = "0.1.0"
dependencies = [
 "futures 0.1.14 (registry+https://github.com/rust-lang/crates.io-index)",
 "url 1.5.0 (registry+https://github.com/rust-lang/crates.io-index)",
]

[[package]]
name = "futures"
version = "0.1.14"
source = "registry+https://github.com/rust-lang/crates.io-index"

[[package]]
name = "gerust-app"
version = "0.1.0"

[[package]]
name = "gerust-assembly"
version = "0.1.0"
dependencies = [
 "futures 0.1.14 (registry+https://github.com/rust-lang/crates.io-index)",
 "gerust-context 0.1.0",
 "gerust-controller 0.1.0",
 "gerust-http 0.1.0",
 "gerust-router 0.1.0",
 "gerust-routing 0.1.0",
]

[[package]]
name = "gerust-context"
version = "0.1.0"
dependencies = [
 "url 1.5.0 (registry+https://github.com/rust-lang/crates.io-index)",
]

[[package]]
name = "gerust-controller"
version = "0.1.0"
dependencies = [
 "gerust-context 0.1.0",
]

[[package]]
name = "gerust-http"
version = "0.1.0"
dependencies = [
 "gerust-context 0.1.0",
 "gerust-routing 0.1.0",
 "url 1.5.0 (registry+https://github.com/rust-lang/crates.io-index)",
]

[[package]]
name = "gerust-router"
version = "0.1.0"
dependencies = [
 "futures 0.1.14 (registry+https://github.com/rust-lang/crates.io-index)",
 "gerust-routing 0.1.0",
 "url 1.5.0 (registry+https://github.com/rust-lang/crates.io-index)",
]

[[package]]
name = "idna"
version = "0.1.2"
source = "registry+https://github.com/rust-lang/crates.io-index"
dependencies = [
 "matches 0.1.6 (registry+https://github.com/rust-lang/crates.io-index)",
 "unicode-bidi 0.3.3 (registry+https://github.com/rust-lang/crates.io-index)",
 "unicode-normalization 0.1.4 (registry+https://github.com/rust-lang/crates.io-index)",
]

[[package]]
name = "matches"
version = "0.1.6"
source = "registry+https://github.com/rust-lang/crates.io-index"

[[package]]
name = "percent-encoding"
version = "1.0.0"
source = "registry+https://github.com/rust-lang/crates.io-index"

[[package]]
name = "unicode-bidi"
version = "0.3.3"
source = "registry+https://github.com/rust-lang/crates.io-index"
dependencies = [
 "matches 0.1.6 (registry+https://github.com/rust-lang/crates.io-index)",
]

[[package]]
name = "unicode-normalization"
version = "0.1.4"
source = "registry+https://github.com/rust-lang/crates.io-index"

[[package]]
name = "url"
version = "1.5.0"
source = "registry+https://github.com/rust-lang/crates.io-index"
dependencies = [
 "idna 0.1.2 (registry+https://github.com/rust-lang/crates.io-index)",
 "matches 0.1.6 (registry+https://github.com/rust-lang/crates.io-index)",
 "percent-encoding 1.0.0 (registry+https://github.com/rust-lang/crates.io-index)",
]

[metadata]
"checksum futures 0.1.14 (registry+https://github.com/rust-lang/crates.io-index)" = "4b63a4792d4f8f686defe3b39b92127fea6344de5d38202b2ee5a11bbbf29d6a"
"checksum idna 0.1.2 (registry+https://github.com/rust-lang/crates.io-index)" = "2233d4940b1f19f0418c158509cd7396b8d70a5db5705ce410914dc8fa603b37"
"checksum matches 0.1.6 (registry+https://github.com/rust-lang/crates.io-index)" = "100aabe6b8ff4e4a7e32c1c13523379802df0772b82466207ac25b013f193376"
"checksum percent-encoding 1.0.0 (registry+https://github.com/rust-lang/crates.io-index)" = "de154f638187706bde41d9b4738748933d64e6b37bdbffc0b47a97d16a6ae356"
"checksum unicode-bidi 0.3.3 (registry+https://github.com/rust-lang/crates.io-index)" = "a6a2c4e3710edd365cd7e78383153ed739fa31af19f9172f72d3575060f5a43a"
"checksum unicode-normalization 0.1.4 (registry+https://github.com/rust-lang/crates.io-index)" = "e28fa37426fceeb5cf8f41ee273faa7c82c47dc8fba5853402841e665fcd86ff"
"checksum url 1.5.0 (registry+https://github.com/rust-lang/crates.io-index)" = "a69a2e36a5e5ed3f3063c8c64a3b028c4d50d689fa6c862abd7cfe65f882595c"
